
Microsoft Visual Studio Solution File, Format Version 12.00
# Visual Studio 15
VisualStudioVersion = 15.0.28307.572
MinimumVisualStudioVersion = 10.0.40219.1
Project("{FAE04EC0-301F-11D3-BF4B-00C04F79EFBC}") = "Prova", "Prova\Prova.csproj", "{FC258187-2C0E-442F-8774-564D48F4D32F}"
EndProject
Project("{FAE04EC0-301F-11D3-BF4B-00C04F79EFBC}") = "Prova.Tests", "Prova.Tests\Prova.Tests.csproj", "{0705DDB0-7D97-4C51-8CC0-FDE8F1999938}"
EndProject
Global
	GlobalSection(SolutionConfigurationPlatforms) = preSolution
		Debug|Any CPU = Debug|Any CPU
		Release|Any CPU = Release|Any CPU
	EndGlobalSection
	GlobalSection(ProjectConfigurationPlatforms) = postSolution
		{FC258187-2C0E-442F-8774-564D48F4D32F}.Debug|Any CPU.ActiveCfg = Debug|Any CPU
		{FC258187-2C0E-442F-8774-564D48F4D32F}.Debug|Any CPU.Build.0 = Debug|Any CPU
		{FC258187-2C0E-442F-8774-564D48F4D32F}.Release|Any CPU.ActiveCfg = Release|Any CPU
		{FC258187-2C0E-442F-8774-564D48F4D32F}.Release|Any CPU.Build.0 = Release|Any CPU
		{0705DDB0-7D97-4C51-8CC0-FDE8F1999938}.Debug|Any CPU.ActiveCfg = Debug|Any CPU
		{0705DDB0-7D97-4C51-8CC0-FDE8F1999938}.Debug|Any CPU.Build.0 = Debug|Any CPU
		{0705DDB0-7D97-4C51-8CC0-FDE8F1999938}.Release|Any CPU.ActiveCfg = Release|Any CPU
		{0705DDB0-7D97-4C51-8CC0-FDE8F1999938}.Release|Any CPU.Build.0 = Release|Any CPU
	EndGlobalSection
	GlobalSection(SolutionProperties) = preSolution
		HideSolutionNode = FALSE
	EndGlobalSection
	GlobalSection(ExtensibilityGlobals) = postSolution
		SolutionGuid = {01A92F8B-1532-40B3-9257-2599B0D44322}
	EndGlobalSection
EndGlobal
